
Microsoft Visual Studio Solution File, Format Version 12.00
# Visual Studio 15
VisualStudioVersion = 15.0.26730.10
MinimumVisualStudioVersion = 10.0.40219.1
Project("{8BC9CEB8-8B4A-11D0-8D11-00A0C91BC942}") = "Sodu", "Sodu\Sodu.vcxproj", "{1A435DA5-894A-44FD-A84D-5C835213F6D4}"
EndProject
Global
	GlobalSection(SolutionConfigurationPlatforms) = preSolution
		Debug|x64 = Debug|x64
		Debug|x86 = Debug|x86
		Release|x64 = Release|x64
		Release|x86 = Release|x86
	EndGlobalSection
	GlobalSection(ProjectConfigurationPlatforms) = postSolution
		{1A435DA5-894A-44FD-A84D-5C835213F6D4}.Debug|x64.ActiveCfg = Debug|x64
		{1A435DA5-894A-44FD-A84D-5C835213F6D4}.Debug|x64.Build.0 = Debug|x64
		{1A435DA5-894A-44FD-A84D-5C835213F6D4}.Debug|x86.ActiveCfg = Debug|Win32
		{1A435DA5-894A-44FD-A84D-5C835213F6D4}.Debug|x86.Build.0 = Debug|Win32
		{1A435DA5-894A-44FD-A84D-5C835213F6D4}.Release|x64.ActiveCfg = Release|x64
		{1A435DA5-894A-44FD-A84D-5C835213F6D4}.Release|x64.Build.0 = Release|x64
		{1A435DA5-894A-44FD-A84D-5C835213F6D4}.Release|x86.ActiveCfg = Release|Win32
		{1A435DA5-894A-44FD-A84D-5C835213F6D4}.Release|x86.Build.0 = Release|Win32
	EndGlobalSection
	GlobalSection(SolutionProperties) = preSolution
		HideSolutionNode = FALSE
	EndGlobalSection
	GlobalSection(ExtensibilityGlobals) = postSolution
		SolutionGuid = {226E3485-878C-48AD-8962-DA307B492B12}
	EndGlobalSection
EndGlobal
